// !$*UTF8*$!
{
	archiveVersion = 1;
	classes = {
	};
	objectVersion = 48;
	objects = {

/* Begin PBXBuildFile section */
		9FC36682206F66CB00E607F1 /* main.m in Sources */ = {isa = PBXBuildFile; fileRef = 9FC36681206F66CB00E607F1 /* main.m */; };
		9FC3668A206F66DE00E607F1 /* BLPerson.m in Sources */ = {isa = PBXBuildFile; fileRef = 9FC36689206F66DE00E607F1 /* BLPerson.m */; };
		9FC3668D206F69FD00E607F1 /* BLSon.m in Sources */ = {isa = PBXBuildFile; fileRef = 9FC3668C206F69FD00E607F1 /* BLSon.m */; };
/* End PBXBuildFile section */

/* Begin PBXCopyFilesBuildPhase section */
		9FC3667C206F66CB00E607F1 /* CopyFiles */ = {
			isa = PBXCopyFilesBuildPhase;
			buildActionMask = 2147483647;
			dstPath = /usr/share/man/man1/;
			dstSubfolderSpec = 0;
			files = (
			);
			runOnlyForDeploymentPostprocessing = 1;
		};
/* End PBXCopyFilesBuildPhase section */

/* Begin PBXFileReference section */
		9FC3667E206F66CB00E607F1 /* KVO_KVC */ = {isa = PBXFileReference; explicitFileType = "compiled.mach-o.executable"; includeInIndex = 0; path = KVO_KVC; sourceTree = BUILT_PRODUCTS_DIR; };
		9FC36681206F66CB00E607F1 /* main.m */ = {isa = PBXFileReference; lastKnownFileType = sourcecode.c.objc; path = main.m; sourceTree = "<group>"; };
		9FC36688206F66DE00E607F1 /* BLPerson.h */ = {isa = PBXFileReference; lastKnownFileType = sourcecode.c.h; path = BLPerson.h; sourceTree = "<group>"; };
		9FC36689206F66DE00E607F1 /* BLPerson.m */ = {isa = PBXFileReference; lastKnownFileType = sourcecode.c.objc; path = BLPerson.m; sourceTree = "<group>"; };
		9FC3668B206F69FD00E607F1 /* BLSon.h */ = {isa = PBXFileReference; lastKnownFileType = sourcecode.c.h; path = BLSon.h; sourceTree = "<group>"; };
		9FC3668C206F69FD00E607F1 /* BLSon.m */ = {isa = PBXFileReference; lastKnownFileType = sourcecode.c.objc; path = BLSon.m; sourceTree = "<group>"; };
/* End PBXFileReference section */

/* Begin PBXFrameworksBuildPhase section */
		9FC3667B206F66CB00E607F1 /* Frameworks */ = {
			isa = PBXFrameworksBuildPhase;
			buildActionMask = 2147483647;
			files = (
			);
			runOnlyForDeploymentPostprocessing = 0;
		};
/* End PBXFrameworksBuildPhase section */

/* Begin PBXGroup section */
		9FC36675206F66CB00E607F1 = {
			isa = PBXGroup;
			children = (
				9FC36680206F66CB00E607F1 /* KVO_KVC */,
				9FC3667F206F66CB00E607F1 /* Products */,
			);
			sourceTree = "<group>";
		};
		9FC3667F206F66CB00E607F1 /* Products */ = {
			isa = PBXGroup;
			children = (
				9FC3667E206F66CB00E607F1 /* KVO_KVC */,
			);
			name = Products;
			sourceTree = "<group>";
		};
		9FC36680206F66CB00E607F1 /* KVO_KVC */ = {
			isa = PBXGroup;
			children = (
				9FC36681206F66CB00E607F1 /* main.m */,
				9FC36688206F66DE00E607F1 /* BLPerson.h */,
				9FC36689206F66DE00E607F1 /* BLPerson.m */,
				9FC3668B206F69FD00E607F1 /* BLSon.h */,
				9FC3668C206F69FD00E607F1 /* BLSon.m */,
			);
			path = KVO_KVC;
			sourceTree = "<group>";
		};
/* End PBXGroup section */

/* Begin PBXNativeTarget section */
		9FC3667D206F66CB00E607F1 /* KVO_KVC */ = {
			isa = PBXNativeTarget;
			buildConfigurationList = 9FC36685206F66CB00E607F1 /* Build configuration list for PBXNativeTarget "KVO_KVC" */;
			buildPhases = (
				9FC3667A206F66CB00E607F1 /* Sources */,
				9FC3667B206F66CB00E607F1 /* Frameworks */,
				9FC3667C206F66CB00E607F1 /* CopyFiles */,
			);
			buildRules = (
			);
			dependencies = (
			);
			name = KVO_KVC;
			productName = KVO_KVC;
			productReference = 9FC3667E206F66CB00E607F1 /* KVO_KVC */;
			productType = "com.apple.product-type.tool";
		};
/* End PBXNativeTarget section */

/* Begin PBXProject section */
		9FC36676206F66CB00E607F1 /* Project object */ = {
			isa = PBXProject;
			attributes = {
				LastUpgradeCheck = 0920;
				ORGANIZATIONNAME = Balopy;
				TargetAttributes = {
					9FC3667D206F66CB00E607F1 = {
						CreatedOnToolsVersion = 9.2;
						ProvisioningStyle = Automatic;
					};
				};
			};
			buildConfigurationList = 9FC36679206F66CB00E607F1 /* Build configuration list for PBXProject "KVO_KVC" */;
			compatibilityVersion = "Xcode 8.0";
			developmentRegion = en;
			hasScannedForEncodings = 0;
			knownRegions = (
				en,
			);
			mainGroup = 9FC36675206F66CB00E607F1;
			productRefGroup = 9FC3667F206F66CB00E607F1 /* Products */;
			projectDirPath = "";
			projectRoot = "";
			targets = (
				9FC3667D206F66CB00E607F1 /* KVO_KVC */,
			);
		};
/* End PBXProject section */

/* Begin PBXSourcesBuildPhase section */
		9FC3667A206F66CB00E607F1 /* Sources */ = {
			isa = PBXSourcesBuildPhase;
			buildActionMask = 2147483647;
			files = (
				9FC3668D206F69FD00E607F1 /* BLSon.m in Sources */,
				9FC3668A206F66DE00E607F1 /* BLPerson.m in Sources */,
				9FC36682206F66CB00E607F1 /* main.m in Sources */,
			);
			runOnlyForDeploymentPostprocessing = 0;
		};
/* End PBXSourcesBuildPhase section */

/* Begin XCBuildConfiguration section */
		9FC36683206F66CB00E607F1 /* Debug */ = {
			isa = XCBuildConfiguration;
			buildSettings = {
				ALWAYS_SEARCH_USER_PATHS = NO;
				CLANG_ANALYZER_NONNULL = YES;
				CLANG_ANALYZER_NUMBER_OBJECT_CONVERSION = YES_AGGRESSIVE;
				CLANG_CXX_LANGUAGE_STANDARD = "gnu++14";
				CLANG_CXX_LIBRARY = "libc++";
				CLANG_ENABLE_MODULES = YES;
				CLANG_ENABLE_OBJC_ARC = YES;
				CLANG_WARN_BLOCK_CAPTURE_AUTORELEASING = YES;
				CLANG_WARN_BOOL_CONVERSION = YES;
				CLANG_WARN_COMMA = YES;
				CLANG_WARN_CONSTANT_CONVERSION = YES;
				CLANG_WARN_DIRECT_OBJC_ISA_USAGE = YES_ERROR;
				CLANG_WARN_DOCUMENTATION_COMMENTS = YES;
				CLANG_WARN_EMPTY_BODY = YES;
				CLANG_WARN_ENUM_CONVERSION = YES;
				CLANG_WARN_INFINITE_RECURSION = YES;
				CLANG_WARN_INT_CONVERSION = YES;
				CLANG_WARN_NON_LITERAL_NULL_CONVERSION = YES;
				CLANG_WARN_OBJC_LITERAL_CONVERSION = YES;
				CLANG_WARN_OBJC_ROOT_CLASS = YES_ERROR;
				CLANG_WARN_RANGE_LOOP_ANALYSIS = YES;
				CLANG_WARN_STRICT_PROTOTYPES = YES;
				CLANG_WARN_SUSPICIOUS_MOVE = YES;
				CLANG_WARN_UNGUARDED_AVAILABILITY = YES_AGGRESSIVE;
				CLANG_WARN_UNREACHABLE_CODE = YES;
				CLANG_WARN__DUPLICATE_METHOD_MATCH = YES;
				CODE_SIGN_IDENTITY = "-";
				COPY_PHASE_STRIP = NO;
				DEBUG_INFORMATION_FORMAT = dwarf;
				ENABLE_STRICT_OBJC_MSGSEND = YES;
				ENABLE_TESTABILITY = YES;
				GCC_C_LANGUAGE_STANDARD = gnu11;
				GCC_DYNAMIC_NO_PIC = NO;
				GCC_NO_COMMON_BLOCKS = YES;
				GCC_OPTIMIZATION_LEVEL = 0;
				GCC_PREPROCESSOR_DEFINITIONS = (
					"DEBUG=1",
					"$(inherited)",
				);
				GCC_WARN_64_TO_32_BIT_CONVERSION = YES;
				GCC_WARN_ABOUT_RETURN_TYPE = YES_ERROR;
				GCC_WARN_UNDECLARED_SELECTOR = YES;
				GCC_WARN_UNINITIALIZED_AUTOS = YES_AGGRESSIVE;
				GCC_WARN_UNUSED_FUNCTION = YES;
				GCC_WARN_UNUSED_VARIABLE = YES;
				MACOSX_DEPLOYMENT_TARGET = 10.13;
				MTL_ENABLE_DEBUG_INFO = YES;
				ONLY_ACTIVE_ARCH = YES;
				SDKROOT = macosx;
			};
			name = Debug;
		};
		9FC36684206F66CB00E607F1 /* Release */ = {
			isa = XCBuildConfiguration;
			buildSettings = {
				ALWAYS_SEARCH_USER_PATHS = NO;
				CLANG_ANALYZER_NONNULL = YES;
				CLANG_ANALYZER_NUMBER_OBJECT_CONVERSION = YES_AGGRESSIVE;
				CLANG_CXX_LANGUAGE_STANDARD = "gnu++14";
				CLANG_CXX_LIBRARY = "libc++";
				CLANG_ENABLE_MODULES = YES;
				CLANG_ENABLE_OBJC_ARC = YES;
				CLANG_WARN_BLOCK_CAPTURE_AUTORELEASING = YES;
				CLANG_WARN_BOOL_CONVERSION = YES;
				CLANG_WARN_COMMA = YES;
				CLANG_WARN_CONSTANT_CONVERSION = YES;
				CLANG_WARN_DIRECT_OBJC_ISA_USAGE = YES_ERROR;
				CLANG_WARN_DOCUMENTATION_COMMENTS = YES;
				CLANG_WARN_EMPTY_BODY = YES;
				CLANG_WARN_ENUM_CONVERSION = YES;
				CLANG_WARN_INFINITE_RECURSION = YES;
				CLANG_WARN_INT_CONVERSION = YES;
				CLANG_WARN_NON_LITERAL_NULL_CONVERSION = YES;
				CLANG_WARN_OBJC_LITERAL_CONVERSION = YES;
				CLANG_WARN_OBJC_ROOT_CLASS = YES_ERROR;
				CLANG_WARN_RANGE_LOOP_ANALYSIS = YES;
				CLANG_WARN_STRICT_PROTOTYPES = YES;
				CLANG_WARN_SUSPICIOUS_MOVE = YES;
				CLANG_WARN_UNGUARDED_AVAILABILITY = YES_AGGRESSIVE;
				CLANG_WARN_UNREACHABLE_CODE = YES;
				CLANG_WARN__DUPLICATE_METHOD_MATCH = YES;
				CODE_SIGN_IDENTITY = "-";
				COPY_PHASE_STRIP = NO;
				DEBUG_INFORMATION_FORMAT = "dwarf-with-dsym";
				ENABLE_NS_ASSERTIONS = NO;
				ENABLE_STRICT_OBJC_MSGSEND = YES;
				GCC_C_LANGUAGE_STANDARD = gnu11;
				GCC_NO_COMMON_BLOCKS = YES;
				GCC_WARN_64_TO_32_BIT_CONVERSION = YES;
				GCC_WARN_ABOUT_RETURN_TYPE = YES_ERROR;
				GCC_WARN_UNDECLARED_SELECTOR = YES;
				GCC_WARN_UNINITIALIZED_AUTOS = YES_AGGRESSIVE;
				GCC_WARN_UNUSED_FUNCTION = YES;
				GCC_WARN_UNUSED_VARIABLE = YES;
				MACOSX_DEPLOYMENT_TARGET = 10.13;
				MTL_ENABLE_DEBUG_INFO = NO;
				SDKROOT = macosx;
			};
			name = Release;
		};
		9FC36686206F66CB00E607F1 /* Debug */ = {
			isa = XCBuildConfiguration;
			buildSettings = {
				CODE_SIGN_STYLE = Automatic;
				PRODUCT_NAME = "$(TARGET_NAME)";
			};
			name = Debug;
		};
		9FC36687206F66CB00E607F1 /* Release */ = {
			isa = XCBuildConfiguration;
			buildSettings = {
				CODE_SIGN_STYLE = Automatic;
				PRODUCT_NAME = "$(TARGET_NAME)";
			};
			name = Release;
		};
/* End XCBuildConfiguration section */

/* Begin XCConfigurationList section */
		9FC36679206F66CB00E607F1 /* Build configuration list for PBXProject "KVO_KVC" */ = {
			isa = XCConfigurationList;
			buildConfigurations = (
				9FC36683206F66CB00E607F1 /* Debug */,
				9FC36684206F66CB00E607F1 /* Release */,
			);
			defaultConfigurationIsVisible = 0;
			defaultConfigurationName = Release;
		};
		9FC36685206F66CB00E607F1 /* Build configuration list for PBXNativeTarget "KVO_KVC" */ = {
			isa = XCConfigurationList;
			buildConfigurations = (
				9FC36686206F66CB00E607F1 /* Debug */,
				9FC36687206F66CB00E607F1 /* Release */,
			);
			defaultConfigurationIsVisible = 0;
			defaultConfigurationName = Release;
		};
/* End XCConfigurationList section */
	};
	rootObject = 9FC36676206F66CB00E607F1 /* Project object */;
}
